
Microsoft Visual Studio Solution File, Format Version 12.00
# Visual Studio Version 17
VisualStudioVersion = 17.1.32228.430
MinimumVisualStudioVersion = 10.0.40219.1
Project("{FAE04EC0-301F-11D3-BF4B-00C04F79EFBC}") = "Bob", "Bob\Bob.csproj", "{81E07D84-CAD4-4BBE-99F1-C10B6CB9B2F2}"
EndProject
Project("{FAE04EC0-301F-11D3-BF4B-00C04F79EFBC}") = "Elearning", "Elearning\Elearning.csproj", "{D6573309-01E0-4B44-80A7-EC0C57C0C706}"
EndProject
Global
	GlobalSection(SolutionConfigurationPlatforms) = preSolution
		Debug|Any CPU = Debug|Any CPU
		Release|Any CPU = Release|Any CPU
	EndGlobalSection
	GlobalSection(ProjectConfigurationPlatforms) = postSolution
		{81E07D84-CAD4-4BBE-99F1-C10B6CB9B2F2}.Debug|Any CPU.ActiveCfg = Debug|Any CPU
		{81E07D84-CAD4-4BBE-99F1-C10B6CB9B2F2}.Debug|Any CPU.Build.0 = Debug|Any CPU
		{81E07D84-CAD4-4BBE-99F1-C10B6CB9B2F2}.Release|Any CPU.ActiveCfg = Release|Any CPU
		{81E07D84-CAD4-4BBE-99F1-C10B6CB9B2F2}.Release|Any CPU.Build.0 = Release|Any CPU
		{D6573309-01E0-4B44-80A7-EC0C57C0C706}.Debug|Any CPU.ActiveCfg = Debug|Any CPU
		{D6573309-01E0-4B44-80A7-EC0C57C0C706}.Debug|Any CPU.Build.0 = Debug|Any CPU
		{D6573309-01E0-4B44-80A7-EC0C57C0C706}.Release|Any CPU.ActiveCfg = Release|Any CPU
		{D6573309-01E0-4B44-80A7-EC0C57C0C706}.Release|Any CPU.Build.0 = Release|Any CPU
	EndGlobalSection
	GlobalSection(SolutionProperties) = preSolution
		HideSolutionNode = FALSE
	EndGlobalSection
	GlobalSection(ExtensibilityGlobals) = postSolution
		SolutionGuid = {8611029F-BBEB-45C2-B51B-5FB148108593}
	EndGlobalSection
EndGlobal
